
Microsoft Visual Studio Solution File, Format Version 12.00
# Visual Studio Version 17
VisualStudioVersion = 17.10.35122.118
MinimumVisualStudioVersion = 10.0.40219.1
Project("{9A19103F-16F7-4668-BE54-9A1E7A4F7556}") = "Hosreg1", "Hosreg1.csproj", "{944CCE38-C08B-4E5F-A05B-E31A5997E658}"
EndProject
Project("{9A19103F-16F7-4668-BE54-9A1E7A4F7556}") = "HosregServer1", "..\..\HosregServer1 (2)\HosregServer1\HosregServer1.csproj", "{3EC08509-8648-4BBC-9B06-0EE01FE6379A}"
EndProject
Global
	GlobalSection(SolutionConfigurationPlatforms) = preSolution
		Debug|Any CPU = Debug|Any CPU
		Release|Any CPU = Release|Any CPU
	EndGlobalSection
	GlobalSection(ProjectConfigurationPlatforms) = postSolution
		{944CCE38-C08B-4E5F-A05B-E31A5997E658}.Debug|Any CPU.ActiveCfg = Debug|Any CPU
		{944CCE38-C08B-4E5F-A05B-E31A5997E658}.Debug|Any CPU.Build.0 = Debug|Any CPU
		{944CCE38-C08B-4E5F-A05B-E31A5997E658}.Release|Any CPU.ActiveCfg = Release|Any CPU
		{944CCE38-C08B-4E5F-A05B-E31A5997E658}.Release|Any CPU.Build.0 = Release|Any CPU
		{3EC08509-8648-4BBC-9B06-0EE01FE6379A}.Debug|Any CPU.ActiveCfg = Debug|Any CPU
		{3EC08509-8648-4BBC-9B06-0EE01FE6379A}.Debug|Any CPU.Build.0 = Debug|Any CPU
		{3EC08509-8648-4BBC-9B06-0EE01FE6379A}.Release|Any CPU.ActiveCfg = Release|Any CPU
		{3EC08509-8648-4BBC-9B06-0EE01FE6379A}.Release|Any CPU.Build.0 = Release|Any CPU
	EndGlobalSection
	GlobalSection(SolutionProperties) = preSolution
		HideSolutionNode = FALSE
	EndGlobalSection
	GlobalSection(ExtensibilityGlobals) = postSolution
		SolutionGuid = {E14B1D46-2DF4-4C81-B94C-C138235B46E2}
	EndGlobalSection
EndGlobal
